
Microsoft Visual Studio Solution File, Format Version 12.00
# Visual Studio 2013
VisualStudioVersion = 12.0.21005.1
MinimumVisualStudioVersion = 10.0.40219.1
Project("{FAE04EC0-301F-11D3-BF4B-00C04F79EFBC}") = "Code Profiler", "Code Profiler\Code Profiler.csproj", "{BD93A527-7D21-4E0D-8D12-4333FAFC1C9C}"
EndProject
Project("{FAE04EC0-301F-11D3-BF4B-00C04F79EFBC}") = "AurelienRibon.Ui.SyntaxHighlightBox", "AurelienRibon.Ui.SyntaxHighlightBox\AurelienRibon.Ui.SyntaxHighlightBox.csproj", "{10A9ECD3-AE1E-494D-9A27-8A32DD581759}"
EndProject
Global
	GlobalSection(SolutionConfigurationPlatforms) = preSolution
		Debug|Any CPU = Debug|Any CPU
		Release|Any CPU = Release|Any CPU
	EndGlobalSection
	GlobalSection(ProjectConfigurationPlatforms) = postSolution
		{BD93A527-7D21-4E0D-8D12-4333FAFC1C9C}.Debug|Any CPU.ActiveCfg = Debug|Any CPU
		{BD93A527-7D21-4E0D-8D12-4333FAFC1C9C}.Debug|Any CPU.Build.0 = Debug|Any CPU
		{BD93A527-7D21-4E0D-8D12-4333FAFC1C9C}.Release|Any CPU.ActiveCfg = Release|Any CPU
		{BD93A527-7D21-4E0D-8D12-4333FAFC1C9C}.Release|Any CPU.Build.0 = Release|Any CPU
		{10A9ECD3-AE1E-494D-9A27-8A32DD581759}.Debug|Any CPU.ActiveCfg = Debug|Any CPU
		{10A9ECD3-AE1E-494D-9A27-8A32DD581759}.Debug|Any CPU.Build.0 = Debug|Any CPU
		{10A9ECD3-AE1E-494D-9A27-8A32DD581759}.Release|Any CPU.ActiveCfg = Release|Any CPU
		{10A9ECD3-AE1E-494D-9A27-8A32DD581759}.Release|Any CPU.Build.0 = Release|Any CPU
	EndGlobalSection
	GlobalSection(SolutionProperties) = preSolution
		HideSolutionNode = FALSE
	EndGlobalSection
EndGlobal
